// !$*UTF8*$!
{
	archiveVersion = 1;
	classes = {
	};
	objectVersion = 54;
	objects = {

/* Begin PBXBuildFile section */
		58C6415A2CF4594A00751EA8 /* GradViewController.swift in Sources */ = {isa = PBXBuildFile; fileRef = 58C641592CF4594900751EA8 /* GradViewController.swift */; };
		58C6415C2CF46A2B00751EA8 /* audio_test_data.csv in Resources */ = {isa = PBXBuildFile; fileRef = 58C6415B2CF46A2A00751EA8 /* audio_test_data.csv */; };
		58D269052CF2C251007DEA02 /* AudioModel.swift in Sources */ = {isa = PBXBuildFile; fileRef = 58D269042CF2C251007DEA02 /* AudioModel.swift */; };
		58D269132CF2C26C007DEA02 /* AudioFileReader.m in Sources */ = {isa = PBXBuildFile; fileRef = 58D269072CF2C26C007DEA02 /* AudioFileReader.m */; };
		58D269142CF2C26C007DEA02 /* MetalGraph.swift in Sources */ = {isa = PBXBuildFile; fileRef = 58D2690C2CF2C26C007DEA02 /* MetalGraph.swift */; };
		58D269152CF2C26C007DEA02 /* Novocaine.m in Sources */ = {isa = PBXBuildFile; fileRef = 58D2690E2CF2C26C007DEA02 /* Novocaine.m */; };
		58D269162CF2C26C007DEA02 /* CircularBuffer.m in Sources */ = {isa = PBXBuildFile; fileRef = 58D269092CF2C26C007DEA02 /* CircularBuffer.m */; };
		58D269172CF2C26C007DEA02 /* TempClass.m in Sources */ = {isa = PBXBuildFile; fileRef = 58D269112CF2C26C007DEA02 /* TempClass.m */; };
		58D269182CF2C26C007DEA02 /* Shaders.metal in Sources */ = {isa = PBXBuildFile; fileRef = 58D2690F2CF2C26C007DEA02 /* Shaders.metal */; };
		58D269192CF2C26C007DEA02 /* FFTHelper.m in Sources */ = {isa = PBXBuildFile; fileRef = 58D2690B2CF2C26C007DEA02 /* FFTHelper.m */; };
		B6022E672C108DB400E2CC70 /* MlaasModel.swift in Sources */ = {isa = PBXBuildFile; fileRef = B6022E662C108DB400E2CC70 /* MlaasModel.swift */; };
		B67483DB1ACA2D6800A9970E /* AppDelegate.swift in Sources */ = {isa = PBXBuildFile; fileRef = B67483DA1ACA2D6800A9970E /* AppDelegate.swift */; };
		B67483DD1ACA2D6800A9970E /* ViewController.swift in Sources */ = {isa = PBXBuildFile; fileRef = B67483DC1ACA2D6800A9970E /* ViewController.swift */; };
		B67483E01ACA2D6800A9970E /* Main.storyboard in Resources */ = {isa = PBXBuildFile; fileRef = B67483DE1ACA2D6800A9970E /* Main.storyboard */; };
		B67483E21ACA2D6800A9970E /* Images.xcassets in Resources */ = {isa = PBXBuildFile; fileRef = B67483E11ACA2D6800A9970E /* Images.xcassets */; };
		B67483E51ACA2D6800A9970E /* LaunchScreen.xib in Resources */ = {isa = PBXBuildFile; fileRef = B67483E31ACA2D6800A9970E /* LaunchScreen.xib */; };
		B694B01A1FA377E4009A4277 /* RingBuffer.swift in Sources */ = {isa = PBXBuildFile; fileRef = B694B0191FA377E4009A4277 /* RingBuffer.swift */; };
/* End PBXBuildFile section */

/* Begin PBXFileReference section */
		58C641592CF4594900751EA8 /* GradViewController.swift */ = {isa = PBXFileReference; lastKnownFileType = sourcecode.swift; path = GradViewController.swift; sourceTree = "<group>"; };
		58C6415B2CF46A2A00751EA8 /* audio_test_data.csv */ = {isa = PBXFileReference; lastKnownFileType = text; path = audio_test_data.csv; sourceTree = "<group>"; };
		58D269042CF2C251007DEA02 /* AudioModel.swift */ = {isa = PBXFileReference; lastKnownFileType = sourcecode.swift; path = AudioModel.swift; sourceTree = "<group>"; };
		58D269062CF2C26C007DEA02 /* AudioFileReader.h */ = {isa = PBXFileReference; lastKnownFileType = sourcecode.c.h; path = AudioFileReader.h; sourceTree = "<group>"; };
		58D269072CF2C26C007DEA02 /* AudioFileReader.m */ = {isa = PBXFileReference; lastKnownFileType = sourcecode.c.objc; path = AudioFileReader.m; sourceTree = "<group>"; };
		58D269082CF2C26C007DEA02 /* CircularBuffer.h */ = {isa = PBXFileReference; lastKnownFileType = sourcecode.c.h; path = CircularBuffer.h; sourceTree = "<group>"; };
		58D269092CF2C26C007DEA02 /* CircularBuffer.m */ = {isa = PBXFileReference; lastKnownFileType = sourcecode.c.objc; path = CircularBuffer.m; sourceTree = "<group>"; };
		58D2690A2CF2C26C007DEA02 /* FFTHelper.h */ = {isa = PBXFileReference; lastKnownFileType = sourcecode.c.h; path = FFTHelper.h; sourceTree = "<group>"; };
		58D2690B2CF2C26C007DEA02 /* FFTHelper.m */ = {isa = PBXFileReference; lastKnownFileType = sourcecode.c.objc; path = FFTHelper.m; sourceTree = "<group>"; };
		58D2690C2CF2C26C007DEA02 /* MetalGraph.swift */ = {isa = PBXFileReference; lastKnownFileType = sourcecode.swift; path = MetalGraph.swift; sourceTree = "<group>"; };
		58D2690D2CF2C26C007DEA02 /* Novocaine.h */ = {isa = PBXFileReference; lastKnownFileType = sourcecode.c.h; path = Novocaine.h; sourceTree = "<group>"; };
		58D2690E2CF2C26C007DEA02 /* Novocaine.m */ = {isa = PBXFileReference; lastKnownFileType = sourcecode.c.objc; path = Novocaine.m; sourceTree = "<group>"; };
		58D2690F2CF2C26C007DEA02 /* Shaders.metal */ = {isa = PBXFileReference; lastKnownFileType = sourcecode.metal; path = Shaders.metal; sourceTree = "<group>"; };
		58D269102CF2C26C007DEA02 /* TempClass.h */ = {isa = PBXFileReference; lastKnownFileType = sourcecode.c.h; path = TempClass.h; sourceTree = "<group>"; };
		58D269112CF2C26C007DEA02 /* TempClass.m */ = {isa = PBXFileReference; lastKnownFileType = sourcecode.c.objc; path = TempClass.m; sourceTree = "<group>"; };
		58D2691A2CF2E397007DEA02 /* mobile_apps_audio_filtering_proj-Bridging-Header.h */ = {isa = PBXFileReference; lastKnownFileType = sourcecode.c.h; path = "mobile_apps_audio_filtering_proj-Bridging-Header.h"; sourceTree = "<group>"; };
		B6022E662C108DB400E2CC70 /* MlaasModel.swift */ = {isa = PBXFileReference; lastKnownFileType = sourcecode.swift; path = MlaasModel.swift; sourceTree = "<group>"; };
		B67483D51ACA2D6800A9970E /* HTTPSwiftLab5.app */ = {isa = PBXFileReference; explicitFileType = wrapper.application; includeInIndex = 0; path = HTTPSwiftLab5.app; sourceTree = BUILT_PRODUCTS_DIR; };
		B67483D91ACA2D6800A9970E /* Info.plist */ = {isa = PBXFileReference; lastKnownFileType = text.plist.xml; path = Info.plist; sourceTree = "<group>"; };
		B67483DA1ACA2D6800A9970E /* AppDelegate.swift */ = {isa = PBXFileReference; lastKnownFileType = sourcecode.swift; path = AppDelegate.swift; sourceTree = "<group>"; };
		B67483DC1ACA2D6800A9970E /* ViewController.swift */ = {isa = PBXFileReference; lastKnownFileType = sourcecode.swift; path = ViewController.swift; sourceTree = "<group>"; };
		B67483DF1ACA2D6800A9970E /* Base */ = {isa = PBXFileReference; lastKnownFileType = file.storyboard; name = Base; path = Base.lproj/Main.storyboard; sourceTree = "<group>"; };
		B67483E11ACA2D6800A9970E /* Images.xcassets */ = {isa = PBXFileReference; lastKnownFileType = folder.assetcatalog; path = Images.xcassets; sourceTree = "<group>"; };
		B67483E41ACA2D6800A9970E /* Base */ = {isa = PBXFileReference; lastKnownFileType = file.xib; name = Base; path = Base.lproj/LaunchScreen.xib; sourceTree = "<group>"; };
		B694B0191FA377E4009A4277 /* RingBuffer.swift */ = {isa = PBXFileReference; lastKnownFileType = sourcecode.swift; path = RingBuffer.swift; sourceTree = "<group>"; };
/* End PBXFileReference section */

/* Begin PBXFrameworksBuildPhase section */
		B67483D21ACA2D6800A9970E /* Frameworks */ = {
			isa = PBXFrameworksBuildPhase;
			buildActionMask = 2147483647;
			files = (
			);
			runOnlyForDeploymentPostprocessing = 0;
		};
/* End PBXFrameworksBuildPhase section */

/* Begin PBXGroup section */
		58D269122CF2C26C007DEA02 /* Utilities */ = {
			isa = PBXGroup;
			children = (
				58D269062CF2C26C007DEA02 /* AudioFileReader.h */,
				58D269072CF2C26C007DEA02 /* AudioFileReader.m */,
				58D269082CF2C26C007DEA02 /* CircularBuffer.h */,
				58D269092CF2C26C007DEA02 /* CircularBuffer.m */,
				58D2690A2CF2C26C007DEA02 /* FFTHelper.h */,
				58D2690B2CF2C26C007DEA02 /* FFTHelper.m */,
				58D2690C2CF2C26C007DEA02 /* MetalGraph.swift */,
				58D2690D2CF2C26C007DEA02 /* Novocaine.h */,
				58D2690E2CF2C26C007DEA02 /* Novocaine.m */,
				58D2690F2CF2C26C007DEA02 /* Shaders.metal */,
				58D269102CF2C26C007DEA02 /* TempClass.h */,
				58D269112CF2C26C007DEA02 /* TempClass.m */,
			);
			path = Utilities;
			sourceTree = "<group>";
		};
		B67483CC1ACA2D6800A9970E = {
			isa = PBXGroup;
			children = (
				B67483D71ACA2D6800A9970E /* HTTPSwiftLab5 */,
				B67483D61ACA2D6800A9970E /* Products */,
			);
			sourceTree = "<group>";
		};
		B67483D61ACA2D6800A9970E /* Products */ = {
			isa = PBXGroup;
			children = (
				B67483D51ACA2D6800A9970E /* HTTPSwiftLab5.app */,
			);
			name = Products;
			sourceTree = "<group>";
		};
		B67483D71ACA2D6800A9970E /* HTTPSwiftLab5 */ = {
			isa = PBXGroup;
			children = (
				58C6415B2CF46A2A00751EA8 /* audio_test_data.csv */,
				B67483DA1ACA2D6800A9970E /* AppDelegate.swift */,
				B67483DC1ACA2D6800A9970E /* ViewController.swift */,
				58C641592CF4594900751EA8 /* GradViewController.swift */,
				58D269042CF2C251007DEA02 /* AudioModel.swift */,
				B6022E662C108DB400E2CC70 /* MlaasModel.swift */,
				58D2691A2CF2E397007DEA02 /* mobile_apps_audio_filtering_proj-Bridging-Header.h */,
				B694B0191FA377E4009A4277 /* RingBuffer.swift */,
				58D269122CF2C26C007DEA02 /* Utilities */,
				B67483DE1ACA2D6800A9970E /* Main.storyboard */,
				B67483E11ACA2D6800A9970E /* Images.xcassets */,
				B67483E31ACA2D6800A9970E /* LaunchScreen.xib */,
				B67483D81ACA2D6800A9970E /* Supporting Files */,
			);
			path = HTTPSwiftLab5;
			sourceTree = "<group>";
		};
		B67483D81ACA2D6800A9970E /* Supporting Files */ = {
			isa = PBXGroup;
			children = (
				B67483D91ACA2D6800A9970E /* Info.plist */,
			);
			name = "Supporting Files";
			sourceTree = "<group>";
		};
/* End PBXGroup section */

/* Begin PBXNativeTarget section */
		B67483D41ACA2D6800A9970E /* HTTPSwiftLab5 */ = {
			isa = PBXNativeTarget;
			buildConfigurationList = B67483F41ACA2D6800A9970E /* Build configuration list for PBXNativeTarget "HTTPSwiftLab5" */;
			buildPhases = (
				B67483D11ACA2D6800A9970E /* Sources */,
				B67483D21ACA2D6800A9970E /* Frameworks */,
				B67483D31ACA2D6800A9970E /* Resources */,
			);
			buildRules = (
			);
			dependencies = (
			);
			name = HTTPSwiftLab5;
			productName = HTTPSwiftExample;
			productReference = B67483D51ACA2D6800A9970E /* HTTPSwiftLab5.app */;
			productType = "com.apple.product-type.application";
		};
/* End PBXNativeTarget section */

/* Begin PBXProject section */
		B67483CD1ACA2D6800A9970E /* Project object */ = {
			isa = PBXProject;
			attributes = {
				BuildIndependentTargetsInParallel = YES;
				LastUpgradeCheck = 1540;
				ORGANIZATIONNAME = "Eric Larson";
				TargetAttributes = {
					B67483D41ACA2D6800A9970E = {
						CreatedOnToolsVersion = 6.2;
						LastSwiftMigration = 1200;
					};
				};
			};
			buildConfigurationList = B67483D01ACA2D6800A9970E /* Build configuration list for PBXProject "HTTPSwiftLab5" */;
			compatibilityVersion = "Xcode 3.2";
			developmentRegion = English;
			hasScannedForEncodings = 0;
			knownRegions = (
				English,
				en,
				Base,
			);
			mainGroup = B67483CC1ACA2D6800A9970E;
			productRefGroup = B67483D61ACA2D6800A9970E /* Products */;
			projectDirPath = "";
			projectRoot = "";
			targets = (
				B67483D41ACA2D6800A9970E /* HTTPSwiftLab5 */,
			);
		};
/* End PBXProject section */

/* Begin PBXResourcesBuildPhase section */
		B67483D31ACA2D6800A9970E /* Resources */ = {
			isa = PBXResourcesBuildPhase;
			buildActionMask = 2147483647;
			files = (
				B67483E01ACA2D6800A9970E /* Main.storyboard in Resources */,
				B67483E51ACA2D6800A9970E /* LaunchScreen.xib in Resources */,
				B67483E21ACA2D6800A9970E /* Images.xcassets in Resources */,
				58C6415C2CF46A2B00751EA8 /* audio_test_data.csv in Resources */,
			);
			runOnlyForDeploymentPostprocessing = 0;
		};
/* End PBXResourcesBuildPhase section */

/* Begin PBXSourcesBuildPhase section */
		B67483D11ACA2D6800A9970E /* Sources */ = {
			isa = PBXSourcesBuildPhase;
			buildActionMask = 2147483647;
			files = (
				B67483DD1ACA2D6800A9970E /* ViewController.swift in Sources */,
				58D269132CF2C26C007DEA02 /* AudioFileReader.m in Sources */,
				58D269142CF2C26C007DEA02 /* MetalGraph.swift in Sources */,
				58D269152CF2C26C007DEA02 /* Novocaine.m in Sources */,
				58D269162CF2C26C007DEA02 /* CircularBuffer.m in Sources */,
				58C6415A2CF4594A00751EA8 /* GradViewController.swift in Sources */,
				58D269172CF2C26C007DEA02 /* TempClass.m in Sources */,
				58D269182CF2C26C007DEA02 /* Shaders.metal in Sources */,
				58D269192CF2C26C007DEA02 /* FFTHelper.m in Sources */,
				B67483DB1ACA2D6800A9970E /* AppDelegate.swift in Sources */,
				B6022E672C108DB400E2CC70 /* MlaasModel.swift in Sources */,
				B694B01A1FA377E4009A4277 /* RingBuffer.swift in Sources */,
				58D269052CF2C251007DEA02 /* AudioModel.swift in Sources */,
			);
			runOnlyForDeploymentPostprocessing = 0;
		};
/* End PBXSourcesBuildPhase section */

/* Begin PBXVariantGroup section */
		B67483DE1ACA2D6800A9970E /* Main.storyboard */ = {
			isa = PBXVariantGroup;
			children = (
				B67483DF1ACA2D6800A9970E /* Base */,
			);
			name = Main.storyboard;
			sourceTree = "<group>";
		};
		B67483E31ACA2D6800A9970E /* LaunchScreen.xib */ = {
			isa = PBXVariantGroup;
			children = (
				B67483E41ACA2D6800A9970E /* Base */,
			);
			name = LaunchScreen.xib;
			sourceTree = "<group>";
		};
/* End PBXVariantGroup section */

/* Begin XCBuildConfiguration section */
		B67483F21ACA2D6800A9970E /* Debug */ = {
			isa = XCBuildConfiguration;
			buildSettings = {
				ALWAYS_SEARCH_USER_PATHS = NO;
				CLANG_ANALYZER_LOCALIZABILITY_NONLOCALIZED = YES;
				CLANG_CXX_LANGUAGE_STANDARD = "gnu++0x";
				CLANG_CXX_LIBRARY = "libc++";
				CLANG_ENABLE_MODULES = YES;
				CLANG_ENABLE_OBJC_ARC = YES;
				CLANG_WARN_BLOCK_CAPTURE_AUTORELEASING = YES;
				CLANG_WARN_BOOL_CONVERSION = YES;
				CLANG_WARN_COMMA = YES;
				CLANG_WARN_CONSTANT_CONVERSION = YES;
				CLANG_WARN_DEPRECATED_OBJC_IMPLEMENTATIONS = YES;
				CLANG_WARN_DIRECT_OBJC_ISA_USAGE = YES_ERROR;
				CLANG_WARN_EMPTY_BODY = YES;
				CLANG_WARN_ENUM_CONVERSION = YES;
				CLANG_WARN_INFINITE_RECURSION = YES;
				CLANG_WARN_INT_CONVERSION = YES;
				CLANG_WARN_NON_LITERAL_NULL_CONVERSION = YES;
				CLANG_WARN_OBJC_IMPLICIT_RETAIN_SELF = YES;
				CLANG_WARN_OBJC_LITERAL_CONVERSION = YES;
				CLANG_WARN_OBJC_ROOT_CLASS = YES_ERROR;
				CLANG_WARN_QUOTED_INCLUDE_IN_FRAMEWORK_HEADER = YES;
				CLANG_WARN_RANGE_LOOP_ANALYSIS = YES;
				CLANG_WARN_STRICT_PROTOTYPES = YES;
				CLANG_WARN_SUSPICIOUS_MOVE = YES;
				CLANG_WARN_UNREACHABLE_CODE = YES;
				CLANG_WARN__DUPLICATE_METHOD_MATCH = YES;
				"CODE_SIGN_IDENTITY[sdk=iphoneos*]" = "iPhone Developer";
				COPY_PHASE_STRIP = NO;
				ENABLE_STRICT_OBJC_MSGSEND = YES;
				ENABLE_TESTABILITY = YES;
				ENABLE_USER_SCRIPT_SANDBOXING = YES;
				GCC_C_LANGUAGE_STANDARD = gnu99;
				GCC_DYNAMIC_NO_PIC = NO;
				GCC_NO_COMMON_BLOCKS = YES;
				GCC_OPTIMIZATION_LEVEL = 0;
				GCC_PREPROCESSOR_DEFINITIONS = (
					"DEBUG=1",
					"$(inherited)",
				);
				GCC_SYMBOLS_PRIVATE_EXTERN = NO;
				GCC_WARN_64_TO_32_BIT_CONVERSION = YES;
				GCC_WARN_ABOUT_RETURN_TYPE = YES_ERROR;
				GCC_WARN_UNDECLARED_SELECTOR = YES;
				GCC_WARN_UNINITIALIZED_AUTOS = YES_AGGRESSIVE;
				GCC_WARN_UNUSED_FUNCTION = YES;
				GCC_WARN_UNUSED_VARIABLE = YES;
				IPHONEOS_DEPLOYMENT_TARGET = 17.0;
				MTL_ENABLE_DEBUG_INFO = YES;
				ONLY_ACTIVE_ARCH = YES;
				SDKROOT = iphoneos;
				SWIFT_OPTIMIZATION_LEVEL = "-Onone";
			};
			name = Debug;
		};
		B67483F31ACA2D6800A9970E /* Release */ = {
			isa = XCBuildConfiguration;
			buildSettings = {
				ALWAYS_SEARCH_USER_PATHS = NO;
				CLANG_ANALYZER_LOCALIZABILITY_NONLOCALIZED = YES;
				CLANG_CXX_LANGUAGE_STANDARD = "gnu++0x";
				CLANG_CXX_LIBRARY = "libc++";
				CLANG_ENABLE_MODULES = YES;
				CLANG_ENABLE_OBJC_ARC = YES;
				CLANG_WARN_BLOCK_CAPTURE_AUTORELEASING = YES;
				CLANG_WARN_BOOL_CONVERSION = YES;
				CLANG_WARN_COMMA = YES;
				CLANG_WARN_CONSTANT_CONVERSION = YES;
				CLANG_WARN_DEPRECATED_OBJC_IMPLEMENTATIONS = YES;
				CLANG_WARN_DIRECT_OBJC_ISA_USAGE = YES_ERROR;
				CLANG_WARN_EMPTY_BODY = YES;
				CLANG_WARN_ENUM_CONVERSION = YES;
				CLANG_WARN_INFINITE_RECURSION = YES;
				CLANG_WARN_INT_CONVERSION = YES;
				CLANG_WARN_NON_LITERAL_NULL_CONVERSION = YES;
				CLANG_WARN_OBJC_IMPLICIT_RETAIN_SELF = YES;
				CLANG_WARN_OBJC_LITERAL_CONVERSION = YES;
				CLANG_WARN_OBJC_ROOT_CLASS = YES_ERROR;
				CLANG_WARN_QUOTED_INCLUDE_IN_FRAMEWORK_HEADER = YES;
				CLANG_WARN_RANGE_LOOP_ANALYSIS = YES;
				CLANG_WARN_STRICT_PROTOTYPES = YES;
				CLANG_WARN_SUSPICIOUS_MOVE = YES;
				CLANG_WARN_UNREACHABLE_CODE = YES;
				CLANG_WARN__DUPLICATE_METHOD_MATCH = YES;
				"CODE_SIGN_IDENTITY[sdk=iphoneos*]" = "iPhone Developer";
				COPY_PHASE_STRIP = NO;
				ENABLE_NS_ASSERTIONS = NO;
				ENABLE_STRICT_OBJC_MSGSEND = YES;
				ENABLE_USER_SCRIPT_SANDBOXING = YES;
				GCC_C_LANGUAGE_STANDARD = gnu99;
				GCC_NO_COMMON_BLOCKS = YES;
				GCC_WARN_64_TO_32_BIT_CONVERSION = YES;
				GCC_WARN_ABOUT_RETURN_TYPE = YES_ERROR;
				GCC_WARN_UNDECLARED_SELECTOR = YES;
				GCC_WARN_UNINITIALIZED_AUTOS = YES_AGGRESSIVE;
				GCC_WARN_UNUSED_FUNCTION = YES;
				GCC_WARN_UNUSED_VARIABLE = YES;
				IPHONEOS_DEPLOYMENT_TARGET = 17.0;
				MTL_ENABLE_DEBUG_INFO = NO;
				SDKROOT = iphoneos;
				SWIFT_COMPILATION_MODE = wholemodule;
				SWIFT_OPTIMIZATION_LEVEL = "-O";
				VALIDATE_PRODUCT = YES;
			};
			name = Release;
		};
		B67483F51ACA2D6800A9970E /* Debug */ = {
			isa = XCBuildConfiguration;
			buildSettings = {
				ASSETCATALOG_COMPILER_APPICON_NAME = AppIcon;
				DEVELOPMENT_TEAM = 7SS3BK2SRA;
				INFOPLIST_FILE = HTTPSwiftLab5/Info.plist;
				INFOPLIST_KEY_NSMicrophoneUsageDescription = "This App requires microphone access.";
				IPHONEOS_DEPLOYMENT_TARGET = 17.0;
				LD_RUNPATH_SEARCH_PATHS = (
					"$(inherited)",
					"@executable_path/Frameworks",
				);
				PRODUCT_BUNDLE_IDENTIFIER = "SMU.--PRODUCT-NAME-rfc1034identifier--2-2";
				PRODUCT_NAME = "$(TARGET_NAME)";
				SWIFT_OBJC_BRIDGING_HEADER = "HTTPSwiftLab5/mobile_apps_audio_filtering_proj-Bridging-Header.h";
				SWIFT_VERSION = 5.0;
			};
			name = Debug;
		};
		B67483F61ACA2D6800A9970E /* Release */ = {
			isa = XCBuildConfiguration;
			buildSettings = {
				ASSETCATALOG_COMPILER_APPICON_NAME = AppIcon;
				DEVELOPMENT_TEAM = 7SS3BK2SRA;
				INFOPLIST_FILE = HTTPSwiftLab5/Info.plist;
				INFOPLIST_KEY_NSMicrophoneUsageDescription = "This App requires microphone access.";
				IPHONEOS_DEPLOYMENT_TARGET = 17.0;
				LD_RUNPATH_SEARCH_PATHS = (
					"$(inherited)",
					"@executable_path/Frameworks",
				);
				PRODUCT_BUNDLE_IDENTIFIER = "SMU.--PRODUCT-NAME-rfc1034identifier--2-2";
				PRODUCT_NAME = "$(TARGET_NAME)";
				SWIFT_OBJC_BRIDGING_HEADER = "HTTPSwiftLab5/mobile_apps_audio_filtering_proj-Bridging-Header.h";
				SWIFT_VERSION = 5.0;
			};
			name = Release;
		};
/* End XCBuildConfiguration section */

/* Begin XCConfigurationList section */
		B67483D01ACA2D6800A9970E /* Build configuration list for PBXProject "HTTPSwiftLab5" */ = {
			isa = XCConfigurationList;
			buildConfigurations = (
				B67483F21ACA2D6800A9970E /* Debug */,
				B67483F31ACA2D6800A9970E /* Release */,
			);
			defaultConfigurationIsVisible = 0;
			defaultConfigurationName = Release;
		};
		B67483F41ACA2D6800A9970E /* Build configuration list for PBXNativeTarget "HTTPSwiftLab5" */ = {
			isa = XCConfigurationList;
			buildConfigurations = (
				B67483F51ACA2D6800A9970E /* Debug */,
				B67483F61ACA2D6800A9970E /* Release */,
			);
			defaultConfigurationIsVisible = 0;
			defaultConfigurationName = Release;
		};
/* End XCConfigurationList section */
	};
	rootObject = B67483CD1ACA2D6800A9970E /* Project object */;
}
